// !$*UTF8*$!
{
	archiveVersion = 1;
	classes = {
	};
	objectVersion = 46;
	objects = {

/* Begin PBXBuildFile section */
		4318E6AC1ADE36F200476CEB /* Images.xcassets in Resources */ = {isa = PBXBuildFile; fileRef = 43CE08511ACFCECF008176F3 /* Images.xcassets */; };
		4318E6AD1ADE36F300476CEB /* Images.xcassets in Resources */ = {isa = PBXBuildFile; fileRef = 43CE08511ACFCECF008176F3 /* Images.xcassets */; };
		4318E6AE1ADE36F900476CEB /* Images.xcassets in Resources */ = {isa = PBXBuildFile; fileRef = 43CE085F1ACFCECF008176F3 /* Images.xcassets */; };
		4318E6AF1ADE36FA00476CEB /* Images.xcassets in Resources */ = {isa = PBXBuildFile; fileRef = 43CE085F1ACFCECF008176F3 /* Images.xcassets */; };
		431B747A1AD192C900B1D85A /* level1@2x.png in Resources */ = {isa = PBXBuildFile; fileRef = 431B74771AD192C900B1D85A /* level1@2x.png */; };
		431B747B1AD192C900B1D85A /* level2@2x.png in Resources */ = {isa = PBXBuildFile; fileRef = 431B74781AD192C900B1D85A /* level2@2x.png */; };
		431B747C1AD192C900B1D85A /* level3@2x.png in Resources */ = {isa = PBXBuildFile; fileRef = 431B74791AD192C900B1D85A /* level3@2x.png */; };
		435124051ADE207C00DF7F59 /* win@2x.png in Resources */ = {isa = PBXBuildFile; fileRef = 435124041ADE207C00DF7F59 /* win@2x.png */; };
		437CABDE1ACFE757000F5CED /* GameScene.m in Sources */ = {isa = PBXBuildFile; fileRef = 43CE081F1ACFCDB8008176F3 /* GameScene.m */; };
		438AF18D1AD0BF4800E79FAB /* arrow@2x.png in Resources */ = {isa = PBXBuildFile; fileRef = 438AF18C1AD0BF4600E79FAB /* arrow@2x.png */; };
		438E975F1AE35F06009E699B /* wooden_plank@2x.png in Resources */ = {isa = PBXBuildFile; fileRef = 438E975E1AE35F06009E699B /* wooden_plank@2x.png */; };
		438E97601AE35FDE009E699B /* wooden_plank@2x.png in Resources */ = {isa = PBXBuildFile; fileRef = 438E975E1AE35F06009E699B /* wooden_plank@2x.png */; };
		438E97611AE35FDF009E699B /* wooden_plank@2x.png in Resources */ = {isa = PBXBuildFile; fileRef = 438E975E1AE35F06009E699B /* wooden_plank@2x.png */; };
		438E97671AE36C1C009E699B /* poleRavel@2x.png in Resources */ = {isa = PBXBuildFile; fileRef = 438E97661AE36C1C009E699B /* poleRavel@2x.png */; };
		438E97681AE36CE2009E699B /* poleRavel@2x.png in Resources */ = {isa = PBXBuildFile; fileRef = 438E97661AE36C1C009E699B /* poleRavel@2x.png */; };
		438E97691AE36CE2009E699B /* poleRavel@2x.png in Resources */ = {isa = PBXBuildFile; fileRef = 438E97661AE36C1C009E699B /* poleRavel@2x.png */; };
		438E976D1AE37173009E699B /* reeling.aiff in Resources */ = {isa = PBXBuildFile; fileRef = 438E976C1AE37173009E699B /* reeling.aiff */; };
		43A786431AD08A52004B1588 /* fish@2x.png in Resources */ = {isa = PBXBuildFile; fileRef = 43A786401AD08A52004B1588 /* fish@2x.png */; };
		43A786441AD08A52004B1588 /* hook@2x.png in Resources */ = {isa = PBXBuildFile; fileRef = 43A786411AD08A52004B1588 /* hook@2x.png */; };
		43A786451AD08A52004B1588 /* pond@2x.png in Resources */ = {isa = PBXBuildFile; fileRef = 43A786421AD08A52004B1588 /* pond@2x.png */; };
		43A786461AD08A70004B1588 /* fish@2x.png in Resources */ = {isa = PBXBuildFile; fileRef = 43A786401AD08A52004B1588 /* fish@2x.png */; };
		43A786471AD08A71004B1588 /* fish@2x.png in Resources */ = {isa = PBXBuildFile; fileRef = 43A786401AD08A52004B1588 /* fish@2x.png */; };
		43A786481AD08A74004B1588 /* hook@2x.png in Resources */ = {isa = PBXBuildFile; fileRef = 43A786411AD08A52004B1588 /* hook@2x.png */; };
		43A786491AD08A75004B1588 /* hook@2x.png in Resources */ = {isa = PBXBuildFile; fileRef = 43A786411AD08A52004B1588 /* hook@2x.png */; };
		43A7864A1AD08A79004B1588 /* pond@2x.png in Resources */ = {isa = PBXBuildFile; fileRef = 43A786421AD08A52004B1588 /* pond@2x.png */; };
		43A7864B1AD08A79004B1588 /* pond@2x.png in Resources */ = {isa = PBXBuildFile; fileRef = 43A786421AD08A52004B1588 /* pond@2x.png */; };
		43A786511AD09CF2004B1588 /* poleRavel2@2x.png in Resources */ = {isa = PBXBuildFile; fileRef = 43A786501AD09CF2004B1588 /* poleRavel2@2x.png */; };
		43A786521AD09E9C004B1588 /* poleRavel2@2x.png in Resources */ = {isa = PBXBuildFile; fileRef = 43A786501AD09CF2004B1588 /* poleRavel2@2x.png */; };
		43A786531AD09E9D004B1588 /* poleRavel2@2x.png in Resources */ = {isa = PBXBuildFile; fileRef = 43A786501AD09CF2004B1588 /* poleRavel2@2x.png */; };
		43A786551AD0A201004B1588 /* circleMarker@2x.png in Resources */ = {isa = PBXBuildFile; fileRef = 43A786541AD0A201004B1588 /* circleMarker@2x.png */; };
		43B857F11ADC8C690040B5AE /* 1@2x.png in Resources */ = {isa = PBXBuildFile; fileRef = 43B857EC1ADC8C690040B5AE /* 1@2x.png */; };
		43B857F21ADC8C690040B5AE /* 2@2x.png in Resources */ = {isa = PBXBuildFile; fileRef = 43B857ED1ADC8C690040B5AE /* 2@2x.png */; };
		43B857F31ADC8C690040B5AE /* 3@2x.png in Resources */ = {isa = PBXBuildFile; fileRef = 43B857EE1ADC8C690040B5AE /* 3@2x.png */; };
		43B857F41ADC8C690040B5AE /* 4@2x.png in Resources */ = {isa = PBXBuildFile; fileRef = 43B857EF1ADC8C690040B5AE /* 4@2x.png */; };
		43B857F51ADC8C690040B5AE /* 5@2x.png in Resources */ = {isa = PBXBuildFile; fileRef = 43B857F01ADC8C690040B5AE /* 5@2x.png */; };
		43BB4E421AD35DCF001D8C70 /* arrow.atlas in Resources */ = {isa = PBXBuildFile; fileRef = 43BB4E411AD35DCF001D8C70 /* arrow.atlas */; };
		43BF880E1AE7474100553124 /* wooden_plank2@2x.png in Resources */ = {isa = PBXBuildFile; fileRef = 43BF880D1AE7474000553124 /* wooden_plank2@2x.png */; };
		43BF880F1AE7474900553124 /* wooden_plank2@2x.png in Resources */ = {isa = PBXBuildFile; fileRef = 43BF880D1AE7474000553124 /* wooden_plank2@2x.png */; };
		43BF88101AE7474A00553124 /* wooden_plank2@2x.png in Resources */ = {isa = PBXBuildFile; fileRef = 43BF880D1AE7474000553124 /* wooden_plank2@2x.png */; };
		43C630451AD0EABB00765F58 /* Sound.m in Sources */ = {isa = PBXBuildFile; fileRef = 43C630441AD0EABB00765F58 /* Sound.m */; };
		43C630501AD0EC1700765F58 /* fish_bite.aiff in Resources */ = {isa = PBXBuildFile; fileRef = 43C630491AD0EC1700765F58 /* fish_bite.aiff */; };
		43C630511AD0EC1700765F58 /* hook_splash.aiff in Resources */ = {isa = PBXBuildFile; fileRef = 43C6304A1AD0EC1700765F58 /* hook_splash.aiff */; };
		43C630521AD0EC1700765F58 /* hook_splash2.aiff in Resources */ = {isa = PBXBuildFile; fileRef = 43C6304B1AD0EC1700765F58 /* hook_splash2.aiff */; };
		43C630531AD0EC1700765F58 /* move_circle.aiff in Resources */ = {isa = PBXBuildFile; fileRef = 43C6304C1AD0EC1700765F58 /* move_circle.aiff */; };
		43C630551AD0EC1700765F58 /* throw_hook.aiff in Resources */ = {isa = PBXBuildFile; fileRef = 43C6304E1AD0EC1700765F58 /* throw_hook.aiff */; };
		43C630561AD0EC1700765F58 /* wind.aiff in Resources */ = {isa = PBXBuildFile; fileRef = 43C6304F1AD0EC1700765F58 /* wind.aiff */; };
		43C630571AD0EDE500765F58 /* Sound.m in Sources */ = {isa = PBXBuildFile; fileRef = 43C630441AD0EABB00765F58 /* Sound.m */; };
		43C630591AD0F3FC00765F58 /* win.aiff in Resources */ = {isa = PBXBuildFile; fileRef = 43C630581AD0F3FC00765F58 /* win.aiff */; };
		43C630661AD0F9DC00765F58 /* reelEmIn.aiff in Resources */ = {isa = PBXBuildFile; fileRef = 43C6305E1AD0F9DC00765F58 /* reelEmIn.aiff */; };
		43CE081A1ACFCDB6008176F3 /* main.m in Sources */ = {isa = PBXBuildFile; fileRef = 43CE08191ACFCDB6008176F3 /* main.m */; };
		43CE081D1ACFCDB7008176F3 /* AppDelegate.m in Sources */ = {isa = PBXBuildFile; fileRef = 43CE081C1ACFCDB7008176F3 /* AppDelegate.m */; };
		43CE08201ACFCDB8008176F3 /* GameScene.m in Sources */ = {isa = PBXBuildFile; fileRef = 43CE081F1ACFCDB8008176F3 /* GameScene.m */; };
		43CE08221ACFCDB8008176F3 /* GameScene.sks in Resources */ = {isa = PBXBuildFile; fileRef = 43CE08211ACFCDB8008176F3 /* GameScene.sks */; };
		43CE08251ACFCDBA008176F3 /* GameViewController.m in Sources */ = {isa = PBXBuildFile; fileRef = 43CE08241ACFCDBA008176F3 /* GameViewController.m */; };
		43CE08281ACFCDBA008176F3 /* Main.storyboard in Resources */ = {isa = PBXBuildFile; fileRef = 43CE08261ACFCDBA008176F3 /* Main.storyboard */; };
		43CE082A1ACFCDBB008176F3 /* Images.xcassets in Resources */ = {isa = PBXBuildFile; fileRef = 43CE08291ACFCDBB008176F3 /* Images.xcassets */; };
		43CE082D1ACFCDBB008176F3 /* LaunchScreen.xib in Resources */ = {isa = PBXBuildFile; fileRef = 43CE082B1ACFCDBB008176F3 /* LaunchScreen.xib */; };
		43CE08391ACFCDBC008176F3 /* WatchPongTests.m in Sources */ = {isa = PBXBuildFile; fileRef = 43CE08381ACFCDBC008176F3 /* WatchPongTests.m */; };
		43CE084D1ACFCECF008176F3 /* InterfaceController.m in Sources */ = {isa = PBXBuildFile; fileRef = 43CE084C1ACFCECF008176F3 /* InterfaceController.m */; };
		43CE08501ACFCECF008176F3 /* NotificationController.m in Sources */ = {isa = PBXBuildFile; fileRef = 43CE084F1ACFCECF008176F3 /* NotificationController.m */; };
		43CE08521ACFCECF008176F3 /* Images.xcassets in Resources */ = {isa = PBXBuildFile; fileRef = 43CE08511ACFCECF008176F3 /* Images.xcassets */; };
		43CE08561ACFCECF008176F3 /* WatchPong WatchKit App.app in Resources */ = {isa = PBXBuildFile; fileRef = 43CE08551ACFCECF008176F3 /* WatchPong WatchKit App.app */; };
		43CE085E1ACFCECF008176F3 /* Interface.storyboard in Resources */ = {isa = PBXBuildFile; fileRef = 43CE085C1ACFCECF008176F3 /* Interface.storyboard */; };
		43CE08601ACFCECF008176F3 /* Images.xcassets in Resources */ = {isa = PBXBuildFile; fileRef = 43CE085F1ACFCECF008176F3 /* Images.xcassets */; };
		43CE08631ACFCECF008176F3 /* WatchPong WatchKit Extension.appex in Embed App Extensions */ = {isa = PBXBuildFile; fileRef = 43CE08461ACFCECF008176F3 /* WatchPong WatchKit Extension.appex */; settings = {ATTRIBUTES = (RemoveHeadersOnCopy, ); }; };
/* End PBXBuildFile section */

/* Begin PBXContainerItemProxy section */
		43CE08331ACFCDBB008176F3 /* PBXContainerItemProxy */ = {
			isa = PBXContainerItemProxy;
			containerPortal = 43CE080C1ACFCDB5008176F3 /* Project object */;
			proxyType = 1;
			remoteGlobalIDString = 43CE08131ACFCDB5008176F3;
			remoteInfo = WatchPong;
		};
		43CE08571ACFCECF008176F3 /* PBXContainerItemProxy */ = {
			isa = PBXContainerItemProxy;
			containerPortal = 43CE080C1ACFCDB5008176F3 /* Project object */;
			proxyType = 1;
			remoteGlobalIDString = 43CE08541ACFCECF008176F3;
			remoteInfo = "WatchPong WatchKit App";
		};
		43CE08611ACFCECF008176F3 /* PBXContainerItemProxy */ = {
			isa = PBXContainerItemProxy;
			containerPortal = 43CE080C1ACFCDB5008176F3 /* Project object */;
			proxyType = 1;
			remoteGlobalIDString = 43CE08451ACFCECF008176F3;
			remoteInfo = "WatchPong WatchKit Extension";
		};
/* End PBXContainerItemProxy section */

/* Begin PBXCopyFilesBuildPhase section */
		43CE086A1ACFCECF008176F3 /* Embed App Extensions */ = {
			isa = PBXCopyFilesBuildPhase;
			buildActionMask = 2147483647;
			dstPath = "";
			dstSubfolderSpec = 13;
			files = (
				43CE08631ACFCECF008176F3 /* WatchPong WatchKit Extension.appex in Embed App Extensions */,
			);
			name = "Embed App Extensions";
			runOnlyForDeploymentPostprocessing = 0;
		};
/* End PBXCopyFilesBuildPhase section */

/* Begin PBXFileReference section */
		431B74771AD192C900B1D85A /* level1@2x.png */ = {isa = PBXFileReference; lastKnownFileType = image.png; path = "level1@2x.png"; sourceTree = "<group>"; };
		431B74781AD192C900B1D85A /* level2@2x.png */ = {isa = PBXFileReference; lastKnownFileType = image.png; path = "level2@2x.png"; sourceTree = "<group>"; };
		431B74791AD192C900B1D85A /* level3@2x.png */ = {isa = PBXFileReference; lastKnownFileType = image.png; path = "level3@2x.png"; sourceTree = "<group>"; };
		435124041ADE207C00DF7F59 /* win@2x.png */ = {isa = PBXFileReference; lastKnownFileType = image.png; path = "win@2x.png"; sourceTree = "<group>"; };
		438AF18C1AD0BF4600E79FAB /* arrow@2x.png */ = {isa = PBXFileReference; lastKnownFileType = image.png; path = "arrow@2x.png"; sourceTree = "<group>"; };
		438E975E1AE35F06009E699B /* wooden_plank@2x.png */ = {isa = PBXFileReference; lastKnownFileType = image.png; path = "wooden_plank@2x.png"; sourceTree = "<group>"; };
		438E97661AE36C1C009E699B /* poleRavel@2x.png */ = {isa = PBXFileReference; lastKnownFileType = image.png; path = "poleRavel@2x.png"; sourceTree = "<group>"; };
		438E976C1AE37173009E699B /* reeling.aiff */ = {isa = PBXFileReference; lastKnownFileType = audio.aiff; path = reeling.aiff; sourceTree = "<group>"; };
		43A786401AD08A52004B1588 /* fish@2x.png */ = {isa = PBXFileReference; lastKnownFileType = image.png; path = "fish@2x.png"; sourceTree = "<group>"; };
		43A786411AD08A52004B1588 /* hook@2x.png */ = {isa = PBXFileReference; lastKnownFileType = image.png; path = "hook@2x.png"; sourceTree = "<group>"; };
		43A786421AD08A52004B1588 /* pond@2x.png */ = {isa = PBXFileReference; lastKnownFileType = image.png; path = "pond@2x.png"; sourceTree = "<group>"; };
		43A786501AD09CF2004B1588 /* poleRavel2@2x.png */ = {isa = PBXFileReference; lastKnownFileType = image.png; path = "poleRavel2@2x.png"; sourceTree = "<group>"; };
		43A786541AD0A201004B1588 /* circleMarker@2x.png */ = {isa = PBXFileReference; lastKnownFileType = image.png; path = "circleMarker@2x.png"; sourceTree = "<group>"; };
		43B857EC1ADC8C690040B5AE /* 1@2x.png */ = {isa = PBXFileReference; lastKnownFileType = image.png; path = "1@2x.png"; sourceTree = "<group>"; };
		43B857ED1ADC8C690040B5AE /* 2@2x.png */ = {isa = PBXFileReference; lastKnownFileType = image.png; path = "2@2x.png"; sourceTree = "<group>"; };
		43B857EE1ADC8C690040B5AE /* 3@2x.png */ = {isa = PBXFileReference; lastKnownFileType = image.png; path = "3@2x.png"; sourceTree = "<group>"; };
		43B857EF1ADC8C690040B5AE /* 4@2x.png */ = {isa = PBXFileReference; lastKnownFileType = image.png; path = "4@2x.png"; sourceTree = "<group>"; };
		43B857F01ADC8C690040B5AE /* 5@2x.png */ = {isa = PBXFileReference; lastKnownFileType = image.png; path = "5@2x.png"; sourceTree = "<group>"; };
		43BB4E411AD35DCF001D8C70 /* arrow.atlas */ = {isa = PBXFileReference; lastKnownFileType = folder.skatlas; path = arrow.atlas; sourceTree = "<group>"; };
		43BF880D1AE7474000553124 /* wooden_plank2@2x.png */ = {isa = PBXFileReference; lastKnownFileType = image.png; path = "wooden_plank2@2x.png"; sourceTree = "<group>"; };
		43C630431AD0EABB00765F58 /* Sound.h */ = {isa = PBXFileReference; fileEncoding = 4; lastKnownFileType = sourcecode.c.h; path = Sound.h; sourceTree = "<group>"; };
		43C630441AD0EABB00765F58 /* Sound.m */ = {isa = PBXFileReference; fileEncoding = 4; lastKnownFileType = sourcecode.c.objc; path = Sound.m; sourceTree = "<group>"; };
		43C630491AD0EC1700765F58 /* fish_bite.aiff */ = {isa = PBXFileReference; lastKnownFileType = audio.aiff; name = fish_bite.aiff; path = sound/fish_bite.aiff; sourceTree = "<group>"; };
		43C6304A1AD0EC1700765F58 /* hook_splash.aiff */ = {isa = PBXFileReference; lastKnownFileType = audio.aiff; name = hook_splash.aiff; path = sound/hook_splash.aiff; sourceTree = "<group>"; };
		43C6304B1AD0EC1700765F58 /* hook_splash2.aiff */ = {isa = PBXFileReference; lastKnownFileType = audio.aiff; name = hook_splash2.aiff; path = sound/hook_splash2.aiff; sourceTree = "<group>"; };
		43C6304C1AD0EC1700765F58 /* move_circle.aiff */ = {isa = PBXFileReference; lastKnownFileType = audio.aiff; name = move_circle.aiff; path = sound/move_circle.aiff; sourceTree = "<group>"; };
		43C6304E1AD0EC1700765F58 /* throw_hook.aiff */ = {isa = PBXFileReference; lastKnownFileType = audio.aiff; name = throw_hook.aiff; path = sound/throw_hook.aiff; sourceTree = "<group>"; };
		43C6304F1AD0EC1700765F58 /* wind.aiff */ = {isa = PBXFileReference; lastKnownFileType = audio.aiff; name = wind.aiff; path = sound/wind.aiff; sourceTree = "<group>"; };
		43C630581AD0F3FC00765F58 /* win.aiff */ = {isa = PBXFileReference; lastKnownFileType = audio.aiff; name = win.aiff; path = sound/win.aiff; sourceTree = "<group>"; };
		43C6305E1AD0F9DC00765F58 /* reelEmIn.aiff */ = {isa = PBXFileReference; lastKnownFileType = audio.aiff; name = reelEmIn.aiff; path = sound/reelEmIn.aiff; sourceTree = "<group>"; };
		43CE08141ACFCDB5008176F3 /* WatchPong.app */ = {isa = PBXFileReference; explicitFileType = wrapper.application; includeInIndex = 0; path = WatchPong.app; sourceTree = BUILT_PRODUCTS_DIR; };
		43CE08181ACFCDB6008176F3 /* Info.plist */ = {isa = PBXFileReference; lastKnownFileType = text.plist.xml; path = Info.plist; sourceTree = "<group>"; };
		43CE08191ACFCDB6008176F3 /* main.m */ = {isa = PBXFileReference; lastKnownFileType = sourcecode.c.objc; path = main.m; sourceTree = "<group>"; };
		43CE081B1ACFCDB7008176F3 /* AppDelegate.h */ = {isa = PBXFileReference; lastKnownFileType = sourcecode.c.h; path = AppDelegate.h; sourceTree = "<group>"; };
		43CE081C1ACFCDB7008176F3 /* AppDelegate.m */ = {isa = PBXFileReference; lastKnownFileType = sourcecode.c.objc; path = AppDelegate.m; sourceTree = "<group>"; };
		43CE081E1ACFCDB7008176F3 /* GameScene.h */ = {isa = PBXFileReference; lastKnownFileType = sourcecode.c.h; path = GameScene.h; sourceTree = "<group>"; };
		43CE081F1ACFCDB8008176F3 /* GameScene.m */ = {isa = PBXFileReference; lastKnownFileType = sourcecode.c.objc; path = GameScene.m; sourceTree = "<group>"; };
		43CE08211ACFCDB8008176F3 /* GameScene.sks */ = {isa = PBXFileReference; lastKnownFileType = file.sks; path = GameScene.sks; sourceTree = "<group>"; };
		43CE08231ACFCDB9008176F3 /* GameViewController.h */ = {isa = PBXFileReference; lastKnownFileType = sourcecode.c.h; path = GameViewController.h; sourceTree = "<group>"; };
		43CE08241ACFCDBA008176F3 /* GameViewController.m */ = {isa = PBXFileReference; lastKnownFileType = sourcecode.c.objc; path = GameViewController.m; sourceTree = "<group>"; };
		43CE08271ACFCDBA008176F3 /* Base */ = {isa = PBXFileReference; lastKnownFileType = file.storyboard; name = Base; path = Base.lproj/Main.storyboard; sourceTree = "<group>"; };
		43CE08291ACFCDBB008176F3 /* Images.xcassets */ = {isa = PBXFileReference; lastKnownFileType = folder.assetcatalog; path = Images.xcassets; sourceTree = "<group>"; };
		43CE082C1ACFCDBB008176F3 /* Base */ = {isa = PBXFileReference; lastKnownFileType = file.xib; name = Base; path = Base.lproj/LaunchScreen.xib; sourceTree = "<group>"; };
		43CE08321ACFCDBB008176F3 /* WatchPongTests.xctest */ = {isa = PBXFileReference; explicitFileType = wrapper.cfbundle; includeInIndex = 0; path = WatchPongTests.xctest; sourceTree = BUILT_PRODUCTS_DIR; };
		43CE08371ACFCDBC008176F3 /* Info.plist */ = {isa = PBXFileReference; lastKnownFileType = text.plist.xml; path = Info.plist; sourceTree = "<group>"; };
		43CE08381ACFCDBC008176F3 /* WatchPongTests.m */ = {isa = PBXFileReference; lastKnownFileType = sourcecode.c.objc; path = WatchPongTests.m; sourceTree = "<group>"; };
		43CE08461ACFCECF008176F3 /* WatchPong WatchKit Extension.appex */ = {isa = PBXFileReference; explicitFileType = "wrapper.app-extension"; includeInIndex = 0; path = "WatchPong WatchKit Extension.appex"; sourceTree = BUILT_PRODUCTS_DIR; };
		43CE08491ACFCECF008176F3 /* Info.plist */ = {isa = PBXFileReference; lastKnownFileType = text.plist.xml; path = Info.plist; sourceTree = "<group>"; };
		43CE084A1ACFCECF008176F3 /* PushNotificationPayload.apns */ = {isa = PBXFileReference; lastKnownFileType = text; path = PushNotificationPayload.apns; sourceTree = "<group>"; };
		43CE084B1ACFCECF008176F3 /* InterfaceController.h */ = {isa = PBXFileReference; lastKnownFileType = sourcecode.c.h; path = InterfaceController.h; sourceTree = "<group>"; };
		43CE084C1ACFCECF008176F3 /* InterfaceController.m */ = {isa = PBXFileReference; lastKnownFileType = sourcecode.c.objc; path = InterfaceController.m; sourceTree = "<group>"; };
		43CE084E1ACFCECF008176F3 /* NotificationController.h */ = {isa = PBXFileReference; lastKnownFileType = sourcecode.c.h; path = NotificationController.h; sourceTree = "<group>"; };
		43CE084F1ACFCECF008176F3 /* NotificationController.m */ = {isa = PBXFileReference; lastKnownFileType = sourcecode.c.objc; path = NotificationController.m; sourceTree = "<group>"; };
		43CE08511ACFCECF008176F3 /* Images.xcassets */ = {isa = PBXFileReference; lastKnownFileType = folder.assetcatalog; path = Images.xcassets; sourceTree = "<group>"; };
		43CE08551ACFCECF008176F3 /* WatchPong WatchKit App.app */ = {isa = PBXFileReference; explicitFileType = wrapper.application; includeInIndex = 0; path = "WatchPong WatchKit App.app"; sourceTree = BUILT_PRODUCTS_DIR; };
		43CE085B1ACFCECF008176F3 /* Info.plist */ = {isa = PBXFileReference; lastKnownFileType = text.plist.xml; path = Info.plist; sourceTree = "<group>"; };
		43CE085D1ACFCECF008176F3 /* Base */ = {isa = PBXFileReference; lastKnownFileType = file.storyboard; name = Base; path = Base.lproj/Interface.storyboard; sourceTree = "<group>"; };
		43CE085F1ACFCECF008176F3 /* Images.xcassets */ = {isa = PBXFileReference; lastKnownFileType = folder.assetcatalog; path = Images.xcassets; sourceTree = "<group>"; };
/* End PBXFileReference section */

/* Begin PBXFrameworksBuildPhase section */
		43CE08111ACFCDB5008176F3 /* Frameworks */ = {
			isa = PBXFrameworksBuildPhase;
			buildActionMask = 2147483647;
			files = (
			);
			runOnlyForDeploymentPostprocessing = 0;
		};
		43CE082F1ACFCDBB008176F3 /* Frameworks */ = {
			isa = PBXFrameworksBuildPhase;
			buildActionMask = 2147483647;
			files = (
			);
			runOnlyForDeploymentPostprocessing = 0;
		};
		43CE08431ACFCECF008176F3 /* Frameworks */ = {
			isa = PBXFrameworksBuildPhase;
			buildActionMask = 2147483647;
			files = (
			);
			runOnlyForDeploymentPostprocessing = 0;
		};
/* End PBXFrameworksBuildPhase section */

/* Begin PBXGroup section */
		43B857CD1ADB66DD0040B5AE /* timer */ = {
			isa = PBXGroup;
			children = (
				43B857EC1ADC8C690040B5AE /* 1@2x.png */,
				43B857ED1ADC8C690040B5AE /* 2@2x.png */,
				43B857EE1ADC8C690040B5AE /* 3@2x.png */,
				43B857EF1ADC8C690040B5AE /* 4@2x.png */,
				43B857F01ADC8C690040B5AE /* 5@2x.png */,
			);
			name = timer;
			sourceTree = "<group>";
		};
		43C630461AD0EAC500765F58 /* sound */ = {
			isa = PBXGroup;
			children = (
				438E976C1AE37173009E699B /* reeling.aiff */,
				43C6305E1AD0F9DC00765F58 /* reelEmIn.aiff */,
				43C630581AD0F3FC00765F58 /* win.aiff */,
				43C630491AD0EC1700765F58 /* fish_bite.aiff */,
				43C6304A1AD0EC1700765F58 /* hook_splash.aiff */,
				43C6304B1AD0EC1700765F58 /* hook_splash2.aiff */,
				43C6304C1AD0EC1700765F58 /* move_circle.aiff */,
				43C6304E1AD0EC1700765F58 /* throw_hook.aiff */,
				43C6304F1AD0EC1700765F58 /* wind.aiff */,
			);
			name = sound;
			sourceTree = "<group>";
		};
		43CE080B1ACFCDB5008176F3 = {
			isa = PBXGroup;
			children = (
				43CE08161ACFCDB5008176F3 /* WatchPong */,
				43CE08351ACFCDBC008176F3 /* WatchPongTests */,
				43CE08471ACFCECF008176F3 /* WatchPong WatchKit Extension */,
				43CE08591ACFCECF008176F3 /* WatchPong WatchKit App */,
				43CE08151ACFCDB5008176F3 /* Products */,
			);
			sourceTree = "<group>";
		};
		43CE08151ACFCDB5008176F3 /* Products */ = {
			isa = PBXGroup;
			children = (
				43CE08141ACFCDB5008176F3 /* WatchPong.app */,
				43CE08321ACFCDBB008176F3 /* WatchPongTests.xctest */,
				43CE08461ACFCECF008176F3 /* WatchPong WatchKit Extension.appex */,
				43CE08551ACFCECF008176F3 /* WatchPong WatchKit App.app */,
			);
			name = Products;
			sourceTree = "<group>";
		};
		43CE08161ACFCDB5008176F3 /* WatchPong */ = {
			isa = PBXGroup;
			children = (
				43C630431AD0EABB00765F58 /* Sound.h */,
				43C630441AD0EABB00765F58 /* Sound.m */,
				43C630461AD0EAC500765F58 /* sound */,
				43CE086B1ACFD2CB008176F3 /* images */,
				43CE081B1ACFCDB7008176F3 /* AppDelegate.h */,
				43CE081C1ACFCDB7008176F3 /* AppDelegate.m */,
				43CE081E1ACFCDB7008176F3 /* GameScene.h */,
				43CE081F1ACFCDB8008176F3 /* GameScene.m */,
				43CE08211ACFCDB8008176F3 /* GameScene.sks */,
				43CE08231ACFCDB9008176F3 /* GameViewController.h */,
				43CE08241ACFCDBA008176F3 /* GameViewController.m */,
				43CE08261ACFCDBA008176F3 /* Main.storyboard */,
				43CE08291ACFCDBB008176F3 /* Images.xcassets */,
				43CE082B1ACFCDBB008176F3 /* LaunchScreen.xib */,
				43CE08171ACFCDB6008176F3 /* Supporting Files */,
			);
			path = WatchPong;
			sourceTree = "<group>";
		};
		43CE08171ACFCDB6008176F3 /* Supporting Files */ = {
			isa = PBXGroup;
			children = (
				43CE08181ACFCDB6008176F3 /* Info.plist */,
				43CE08191ACFCDB6008176F3 /* main.m */,
			);
			name = "Supporting Files";
			sourceTree = "<group>";
		};
		43CE08351ACFCDBC008176F3 /* WatchPongTests */ = {
			isa = PBXGroup;
			children = (
				43CE08381ACFCDBC008176F3 /* WatchPongTests.m */,
				43CE08361ACFCDBC008176F3 /* Supporting Files */,
			);
			path = WatchPongTests;
			sourceTree = "<group>";
		};
		43CE08361ACFCDBC008176F3 /* Supporting Files */ = {
			isa = PBXGroup;
			children = (
				43CE08371ACFCDBC008176F3 /* Info.plist */,
			);
			name = "Supporting Files";
			sourceTree = "<group>";
		};
		43CE08471ACFCECF008176F3 /* WatchPong WatchKit Extension */ = {
			isa = PBXGroup;
			children = (
				43CE084B1ACFCECF008176F3 /* InterfaceController.h */,
				43CE084C1ACFCECF008176F3 /* InterfaceController.m */,
				43CE084E1ACFCECF008176F3 /* NotificationController.h */,
				43CE084F1ACFCECF008176F3 /* NotificationController.m */,
				43CE08511ACFCECF008176F3 /* Images.xcassets */,
				43CE08481ACFCECF008176F3 /* Supporting Files */,
			);
			path = "WatchPong WatchKit Extension";
			sourceTree = "<group>";
		};
		43CE08481ACFCECF008176F3 /* Supporting Files */ = {
			isa = PBXGroup;
			children = (
				43CE08491ACFCECF008176F3 /* Info.plist */,
				43CE084A1ACFCECF008176F3 /* PushNotificationPayload.apns */,
			);
			name = "Supporting Files";
			sourceTree = "<group>";
		};
		43CE08591ACFCECF008176F3 /* WatchPong WatchKit App */ = {
			isa = PBXGroup;
			children = (
				43CE085C1ACFCECF008176F3 /* Interface.storyboard */,
				43CE085F1ACFCECF008176F3 /* Images.xcassets */,
				43CE085A1ACFCECF008176F3 /* Supporting Files */,
			);
			path = "WatchPong WatchKit App";
			sourceTree = "<group>";
		};
		43CE085A1ACFCECF008176F3 /* Supporting Files */ = {
			isa = PBXGroup;
			children = (
				43CE085B1ACFCECF008176F3 /* Info.plist */,
			);
			name = "Supporting Files";
			sourceTree = "<group>";
		};
		43CE086B1ACFD2CB008176F3 /* images */ = {
			isa = PBXGroup;
			children = (
				43BF880D1AE7474000553124 /* wooden_plank2@2x.png */,
				438E97661AE36C1C009E699B /* poleRavel@2x.png */,
				438E975E1AE35F06009E699B /* wooden_plank@2x.png */,
				435124041ADE207C00DF7F59 /* win@2x.png */,
				43B857CD1ADB66DD0040B5AE /* timer */,
				43BB4E411AD35DCF001D8C70 /* arrow.atlas */,
				431B74771AD192C900B1D85A /* level1@2x.png */,
				431B74781AD192C900B1D85A /* level2@2x.png */,
				431B74791AD192C900B1D85A /* level3@2x.png */,
				438AF18C1AD0BF4600E79FAB /* arrow@2x.png */,
				43A786541AD0A201004B1588 /* circleMarker@2x.png */,
				43A786501AD09CF2004B1588 /* poleRavel2@2x.png */,
				43A786401AD08A52004B1588 /* fish@2x.png */,
				43A786411AD08A52004B1588 /* hook@2x.png */,
				43A786421AD08A52004B1588 /* pond@2x.png */,
			);
			name = images;
			sourceTree = "<group>";
		};
/* End PBXGroup section */

/* Begin PBXNativeTarget section */
		43CE08131ACFCDB5008176F3 /* WatchPong */ = {
			isa = PBXNativeTarget;
			buildConfigurationList = 43CE083C1ACFCDBC008176F3 /* Build configuration list for PBXNativeTarget "WatchPong" */;
			buildPhases = (
				43CE08101ACFCDB5008176F3 /* Sources */,
				43CE08111ACFCDB5008176F3 /* Frameworks */,
				43CE08121ACFCDB5008176F3 /* Resources */,
				43CE086A1ACFCECF008176F3 /* Embed App Extensions */,
			);
			buildRules = (
			);
			dependencies = (
				43CE08621ACFCECF008176F3 /* PBXTargetDependency */,
			);
			name = WatchPong;
			productName = WatchPong;
			productReference = 43CE08141ACFCDB5008176F3 /* WatchPong.app */;
			productType = "com.apple.product-type.application";
		};
		43CE08311ACFCDBB008176F3 /* WatchPongTests */ = {
			isa = PBXNativeTarget;
			buildConfigurationList = 43CE083F1ACFCDBC008176F3 /* Build configuration list for PBXNativeTarget "WatchPongTests" */;
			buildPhases = (
				43CE082E1ACFCDBB008176F3 /* Sources */,
				43CE082F1ACFCDBB008176F3 /* Frameworks */,
				43CE08301ACFCDBB008176F3 /* Resources */,
			);
			buildRules = (
			);
			dependencies = (
				43CE08341ACFCDBB008176F3 /* PBXTargetDependency */,
			);
			name = WatchPongTests;
			productName = WatchPongTests;
			productReference = 43CE08321ACFCDBB008176F3 /* WatchPongTests.xctest */;
			productType = "com.apple.product-type.bundle.unit-test";
		};
		43CE08451ACFCECF008176F3 /* WatchPong WatchKit Extension */ = {
			isa = PBXNativeTarget;
			buildConfigurationList = 43CE08671ACFCECF008176F3 /* Build configuration list for PBXNativeTarget "WatchPong WatchKit Extension" */;
			buildPhases = (
				43CE08421ACFCECF008176F3 /* Sources */,
				43CE08431ACFCECF008176F3 /* Frameworks */,
				43CE08441ACFCECF008176F3 /* Resources */,
			);
			buildRules = (
			);
			dependencies = (
				43CE08581ACFCECF008176F3 /* PBXTargetDependency */,
			);
			name = "WatchPong WatchKit Extension";
			productName = "WatchPong WatchKit Extension";
			productReference = 43CE08461ACFCECF008176F3 /* WatchPong WatchKit Extension.appex */;
			productType = "com.apple.product-type.watchkit-extension";
		};
		43CE08541ACFCECF008176F3 /* WatchPong WatchKit App */ = {
			isa = PBXNativeTarget;
			buildConfigurationList = 43CE08641ACFCECF008176F3 /* Build configuration list for PBXNativeTarget "WatchPong WatchKit App" */;
			buildPhases = (
				43CE08531ACFCECF008176F3 /* Resources */,
			);
			buildRules = (
			);
			dependencies = (
			);
			name = "WatchPong WatchKit App";
			productName = "WatchPong WatchKit App";
			productReference = 43CE08551ACFCECF008176F3 /* WatchPong WatchKit App.app */;
			productType = "com.apple.product-type.application.watchapp";
		};
/* End PBXNativeTarget section */

/* Begin PBXProject section */
		43CE080C1ACFCDB5008176F3 /* Project object */ = {
			isa = PBXProject;
			attributes = {
				LastUpgradeCheck = 0620;
				ORGANIZATIONNAME = "Calvin Tham";
				TargetAttributes = {
					43CE08131ACFCDB5008176F3 = {
						CreatedOnToolsVersion = 6.2;
						DevelopmentTeam = JLZ37QX4VP;
					};
					43CE08311ACFCDBB008176F3 = {
						CreatedOnToolsVersion = 6.2;
						TestTargetID = 43CE08131ACFCDB5008176F3;
					};
					43CE08451ACFCECF008176F3 = {
						CreatedOnToolsVersion = 6.2;
						DevelopmentTeam = JLZ37QX4VP;
					};
					43CE08541ACFCECF008176F3 = {
						CreatedOnToolsVersion = 6.2;
						DevelopmentTeam = JLZ37QX4VP;
					};
				};
			};
			buildConfigurationList = 43CE080F1ACFCDB5008176F3 /* Build configuration list for PBXProject "WatchPong" */;
			compatibilityVersion = "Xcode 3.2";
			developmentRegion = English;
			hasScannedForEncodings = 0;
			knownRegions = (
				en,
				Base,
			);
			mainGroup = 43CE080B1ACFCDB5008176F3;
			productRefGroup = 43CE08151ACFCDB5008176F3 /* Products */;
			projectDirPath = "";
			projectRoot = "";
			targets = (
				43CE08131ACFCDB5008176F3 /* WatchPong */,
				43CE08311ACFCDBB008176F3 /* WatchPongTests */,
				43CE08451ACFCECF008176F3 /* WatchPong WatchKit Extension */,
				43CE08541ACFCECF008176F3 /* WatchPong WatchKit App */,
			);
		};
/* End PBXProject section */

/* Begin PBXResourcesBuildPhase section */
		43CE08121ACFCDB5008176F3 /* Resources */ = {
			isa = PBXResourcesBuildPhase;
			buildActionMask = 2147483647;
			files = (
				43B857F21ADC8C690040B5AE /* 2@2x.png in Resources */,
				43C630531AD0EC1700765F58 /* move_circle.aiff in Resources */,
				43CE082D1ACFCDBB008176F3 /* LaunchScreen.xib in Resources */,
				4318E6AE1ADE36F900476CEB /* Images.xcassets in Resources */,
				43B857F31ADC8C690040B5AE /* 3@2x.png in Resources */,
				43CE082A1ACFCDBB008176F3 /* Images.xcassets in Resources */,
				431B747B1AD192C900B1D85A /* level2@2x.png in Resources */,
				43A786431AD08A52004B1588 /* fish@2x.png in Resources */,
				43BF880E1AE7474100553124 /* wooden_plank2@2x.png in Resources */,
				431B747C1AD192C900B1D85A /* level3@2x.png in Resources */,
				43B857F41ADC8C690040B5AE /* 4@2x.png in Resources */,
				43B857F11ADC8C690040B5AE /* 1@2x.png in Resources */,
				43C630521AD0EC1700765F58 /* hook_splash2.aiff in Resources */,
				4318E6AC1ADE36F200476CEB /* Images.xcassets in Resources */,
				43CE08221ACFCDB8008176F3 /* GameScene.sks in Resources */,
				431B747A1AD192C900B1D85A /* level1@2x.png in Resources */,
				43A786551AD0A201004B1588 /* circleMarker@2x.png in Resources */,
				43CE08281ACFCDBA008176F3 /* Main.storyboard in Resources */,
				43C630551AD0EC1700765F58 /* throw_hook.aiff in Resources */,
				438AF18D1AD0BF4800E79FAB /* arrow@2x.png in Resources */,
				438E97671AE36C1C009E699B /* poleRavel@2x.png in Resources */,
				43A786451AD08A52004B1588 /* pond@2x.png in Resources */,
				43C630591AD0F3FC00765F58 /* win.aiff in Resources */,
				43C630661AD0F9DC00765F58 /* reelEmIn.aiff in Resources */,
				43C630561AD0EC1700765F58 /* wind.aiff in Resources */,
				43A786441AD08A52004B1588 /* hook@2x.png in Resources */,
				438E976D1AE37173009E699B /* reeling.aiff in Resources */,
				43A786511AD09CF2004B1588 /* poleRavel2@2x.png in Resources */,
				43C630501AD0EC1700765F58 /* fish_bite.aiff in Resources */,
				43C630511AD0EC1700765F58 /* hook_splash.aiff in Resources */,
				438E975F1AE35F06009E699B /* wooden_plank@2x.png in Resources */,
				435124051ADE207C00DF7F59 /* win@2x.png in Resources */,
				43B857F51ADC8C690040B5AE /* 5@2x.png in Resources */,
				43BB4E421AD35DCF001D8C70 /* arrow.atlas in Resources */,
			);
			runOnlyForDeploymentPostprocessing = 0;
		};
		43CE08301ACFCDBB008176F3 /* Resources */ = {
			isa = PBXResourcesBuildPhase;
			buildActionMask = 2147483647;
			files = (
			);
			runOnlyForDeploymentPostprocessing = 0;
		};
		43CE08441ACFCECF008176F3 /* Resources */ = {
			isa = PBXResourcesBuildPhase;
			buildActionMask = 2147483647;
			files = (
				43CE08561ACFCECF008176F3 /* WatchPong WatchKit App.app in Resources */,
				438E97681AE36CE2009E699B /* poleRavel@2x.png in Resources */,
				43BF880F1AE7474900553124 /* wooden_plank2@2x.png in Resources */,
				4318E6AF1ADE36FA00476CEB /* Images.xcassets in Resources */,
				43A786481AD08A74004B1588 /* hook@2x.png in Resources */,
				43CE08521ACFCECF008176F3 /* Images.xcassets in Resources */,
				43A786521AD09E9C004B1588 /* poleRavel2@2x.png in Resources */,
				438E97601AE35FDE009E699B /* wooden_plank@2x.png in Resources */,
				43A7864A1AD08A79004B1588 /* pond@2x.png in Resources */,
				43A786461AD08A70004B1588 /* fish@2x.png in Resources */,
			);
			runOnlyForDeploymentPostprocessing = 0;
		};
		43CE08531ACFCECF008176F3 /* Resources */ = {
			isa = PBXResourcesBuildPhase;
			buildActionMask = 2147483647;
			files = (
				43CE085E1ACFCECF008176F3 /* Interface.storyboard in Resources */,
				438E97691AE36CE2009E699B /* poleRavel@2x.png in Resources */,
				43BF88101AE7474A00553124 /* wooden_plank2@2x.png in Resources */,
				4318E6AD1ADE36F300476CEB /* Images.xcassets in Resources */,
				43A786491AD08A75004B1588 /* hook@2x.png in Resources */,
				43CE08601ACFCECF008176F3 /* Images.xcassets in Resources */,
				43A786531AD09E9D004B1588 /* poleRavel2@2x.png in Resources */,
				438E97611AE35FDF009E699B /* wooden_plank@2x.png in Resources */,
				43A7864B1AD08A79004B1588 /* pond@2x.png in Resources */,
				43A786471AD08A71004B1588 /* fish@2x.png in Resources */,
			);
			runOnlyForDeploymentPostprocessing = 0;
		};
/* End PBXResourcesBuildPhase section */

/* Begin PBXSourcesBuildPhase section */
		43CE08101ACFCDB5008176F3 /* Sources */ = {
			isa = PBXSourcesBuildPhase;
			buildActionMask = 2147483647;
			files = (
				43CE08251ACFCDBA008176F3 /* GameViewController.m in Sources */,
				43CE081D1ACFCDB7008176F3 /* AppDelegate.m in Sources */,
				43CE08201ACFCDB8008176F3 /* GameScene.m in Sources */,
				43C630451AD0EABB00765F58 /* Sound.m in Sources */,
				43CE081A1ACFCDB6008176F3 /* main.m in Sources */,
			);
			runOnlyForDeploymentPostprocessing = 0;
		};
		43CE082E1ACFCDBB008176F3 /* Sources */ = {
			isa = PBXSourcesBuildPhase;
			buildActionMask = 2147483647;
			files = (
				43CE08391ACFCDBC008176F3 /* WatchPongTests.m in Sources */,
			);
			runOnlyForDeploymentPostprocessing = 0;
		};
		43CE08421ACFCECF008176F3 /* Sources */ = {
			isa = PBXSourcesBuildPhase;
			buildActionMask = 2147483647;
			files = (
				43CE08501ACFCECF008176F3 /* NotificationController.m in Sources */,
				437CABDE1ACFE757000F5CED /* GameScene.m in Sources */,
				43CE084D1ACFCECF008176F3 /* InterfaceController.m in Sources */,
				43C630571AD0EDE500765F58 /* Sound.m in Sources */,
			);
			runOnlyForDeploymentPostprocessing = 0;
		};
/* End PBXSourcesBuildPhase section */

/* Begin PBXTargetDependency section */
		43CE08341ACFCDBB008176F3 /* PBXTargetDependency */ = {
			isa = PBXTargetDependency;
			target = 43CE08131ACFCDB5008176F3 /* WatchPong */;
			targetProxy = 43CE08331ACFCDBB008176F3 /* PBXContainerItemProxy */;
		};
		43CE08581ACFCECF008176F3 /* PBXTargetDependency */ = {
			isa = PBXTargetDependency;
			target = 43CE08541ACFCECF008176F3 /* WatchPong WatchKit App */;
			targetProxy = 43CE08571ACFCECF008176F3 /* PBXContainerItemProxy */;
		};
		43CE08621ACFCECF008176F3 /* PBXTargetDependency */ = {
			isa = PBXTargetDependency;
			target = 43CE08451ACFCECF008176F3 /* WatchPong WatchKit Extension */;
			targetProxy = 43CE08611ACFCECF008176F3 /* PBXContainerItemProxy */;
		};
/* End PBXTargetDependency section */

/* Begin PBXVariantGroup section */
		43CE08261ACFCDBA008176F3 /* Main.storyboard */ = {
			isa = PBXVariantGroup;
			children = (
				43CE08271ACFCDBA008176F3 /* Base */,
			);
			name = Main.storyboard;
			sourceTree = "<group>";
		};
		43CE082B1ACFCDBB008176F3 /* LaunchScreen.xib */ = {
			isa = PBXVariantGroup;
			children = (
				43CE082C1ACFCDBB008176F3 /* Base */,
			);
			name = LaunchScreen.xib;
			sourceTree = "<group>";
		};
		43CE085C1ACFCECF008176F3 /* Interface.storyboard */ = {
			isa = PBXVariantGroup;
			children = (
				43CE085D1ACFCECF008176F3 /* Base */,
			);
			name = Interface.storyboard;
			sourceTree = "<group>";
		};
/* End PBXVariantGroup section */

/* Begin XCBuildConfiguration section */
		43CE083A1ACFCDBC008176F3 /* Debug */ = {
			isa = XCBuildConfiguration;
			buildSettings = {
				ALWAYS_SEARCH_USER_PATHS = NO;
				CLANG_CXX_LANGUAGE_STANDARD = "gnu++0x";
				CLANG_CXX_LIBRARY = "libc++";
				CLANG_ENABLE_MODULES = YES;
				CLANG_ENABLE_OBJC_ARC = YES;
				CLANG_WARN_BOOL_CONVERSION = YES;
				CLANG_WARN_CONSTANT_CONVERSION = YES;
				CLANG_WARN_DIRECT_OBJC_ISA_USAGE = YES_ERROR;
				CLANG_WARN_EMPTY_BODY = YES;
				CLANG_WARN_ENUM_CONVERSION = YES;
				CLANG_WARN_INT_CONVERSION = YES;
				CLANG_WARN_OBJC_ROOT_CLASS = YES_ERROR;
				CLANG_WARN_UNREACHABLE_CODE = YES;
				CLANG_WARN__DUPLICATE_METHOD_MATCH = YES;
				"CODE_SIGN_IDENTITY[sdk=iphoneos*]" = "iPhone Developer";
				COPY_PHASE_STRIP = NO;
				ENABLE_STRICT_OBJC_MSGSEND = YES;
				GCC_C_LANGUAGE_STANDARD = gnu99;
				GCC_DYNAMIC_NO_PIC = NO;
				GCC_OPTIMIZATION_LEVEL = 0;
				GCC_PREPROCESSOR_DEFINITIONS = (
					"DEBUG=1",
					"$(inherited)",
				);
				GCC_SYMBOLS_PRIVATE_EXTERN = NO;
				GCC_WARN_64_TO_32_BIT_CONVERSION = YES;
				GCC_WARN_ABOUT_RETURN_TYPE = YES_ERROR;
				GCC_WARN_UNDECLARED_SELECTOR = YES;
				GCC_WARN_UNINITIALIZED_AUTOS = YES_AGGRESSIVE;
				GCC_WARN_UNUSED_FUNCTION = YES;
				GCC_WARN_UNUSED_VARIABLE = YES;
				IPHONEOS_DEPLOYMENT_TARGET = 8.2;
				MTL_ENABLE_DEBUG_INFO = YES;
				ONLY_ACTIVE_ARCH = YES;
				SDKROOT = iphoneos;
			};
			name = Debug;
		};
		43CE083B1ACFCDBC008176F3 /* Release */ = {
			isa = XCBuildConfiguration;
			buildSettings = {
				ALWAYS_SEARCH_USER_PATHS = NO;
				CLANG_CXX_LANGUAGE_STANDARD = "gnu++0x";
				CLANG_CXX_LIBRARY = "libc++";
				CLANG_ENABLE_MODULES = YES;
				CLANG_ENABLE_OBJC_ARC = YES;
				CLANG_WARN_BOOL_CONVERSION = YES;
				CLANG_WARN_CONSTANT_CONVERSION = YES;
				CLANG_WARN_DIRECT_OBJC_ISA_USAGE = YES_ERROR;
				CLANG_WARN_EMPTY_BODY = YES;
				CLANG_WARN_ENUM_CONVERSION = YES;
				CLANG_WARN_INT_CONVERSION = YES;
				CLANG_WARN_OBJC_ROOT_CLASS = YES_ERROR;
				CLANG_WARN_UNREACHABLE_CODE = YES;
				CLANG_WARN__DUPLICATE_METHOD_MATCH = YES;
				"CODE_SIGN_IDENTITY[sdk=iphoneos*]" = "iPhone Developer";
				COPY_PHASE_STRIP = NO;
				ENABLE_NS_ASSERTIONS = NO;
				ENABLE_STRICT_OBJC_MSGSEND = YES;
				GCC_C_LANGUAGE_STANDARD = gnu99;
				GCC_WARN_64_TO_32_BIT_CONVERSION = YES;
				GCC_WARN_ABOUT_RETURN_TYPE = YES_ERROR;
				GCC_WARN_UNDECLARED_SELECTOR = YES;
				GCC_WARN_UNINITIALIZED_AUTOS = YES_AGGRESSIVE;
				GCC_WARN_UNUSED_FUNCTION = YES;
				GCC_WARN_UNUSED_VARIABLE = YES;
				IPHONEOS_DEPLOYMENT_TARGET = 8.2;
				MTL_ENABLE_DEBUG_INFO = NO;
				SDKROOT = iphoneos;
				VALIDATE_PRODUCT = YES;
			};
			name = Release;
		};
		43CE083D1ACFCDBC008176F3 /* Debug */ = {
			isa = XCBuildConfiguration;
			buildSettings = {
				ASSETCATALOG_COMPILER_APPICON_NAME = AppIcon;
				CODE_SIGN_IDENTITY = "iPhone Developer";
				INFOPLIST_FILE = WatchPong/Info.plist;
				IPHONEOS_DEPLOYMENT_TARGET = 8.2;
				LD_RUNPATH_SEARCH_PATHS = "$(inherited) @executable_path/Frameworks";
				PRODUCT_NAME = WatchPong;
				TARGETED_DEVICE_FAMILY = 1;
			};
			name = Debug;
		};
		43CE083E1ACFCDBC008176F3 /* Release */ = {
			isa = XCBuildConfiguration;
			buildSettings = {
				ASSETCATALOG_COMPILER_APPICON_NAME = AppIcon;
				CODE_SIGN_IDENTITY = "iPhone Developer";
				INFOPLIST_FILE = WatchPong/Info.plist;
				IPHONEOS_DEPLOYMENT_TARGET = 8.2;
				LD_RUNPATH_SEARCH_PATHS = "$(inherited) @executable_path/Frameworks";
				PRODUCT_NAME = WatchPong;
				TARGETED_DEVICE_FAMILY = 1;
			};
			name = Release;
		};
		43CE08401ACFCDBC008176F3 /* Debug */ = {
			isa = XCBuildConfiguration;
			buildSettings = {
				BUNDLE_LOADER = "$(TEST_HOST)";
				FRAMEWORK_SEARCH_PATHS = (
					"$(SDKROOT)/Developer/Library/Frameworks",
					"$(inherited)",
				);
				GCC_PREPROCESSOR_DEFINITIONS = (
					"DEBUG=1",
					"$(inherited)",
				);
				INFOPLIST_FILE = WatchPongTests/Info.plist;
				LD_RUNPATH_SEARCH_PATHS = "$(inherited) @executable_path/Frameworks @loader_path/Frameworks";
				PRODUCT_NAME = WatchPongTests;
				TEST_HOST = "$(BUILT_PRODUCTS_DIR)/WatchPong.app/WatchPong";
			};
			name = Debug;
		};
		43CE08411ACFCDBC008176F3 /* Release */ = {
			isa = XCBuildConfiguration;
			buildSettings = {
				BUNDLE_LOADER = "$(TEST_HOST)";
				FRAMEWORK_SEARCH_PATHS = (
					"$(SDKROOT)/Developer/Library/Frameworks",
					"$(inherited)",
				);
				INFOPLIST_FILE = WatchPongTests/Info.plist;
				LD_RUNPATH_SEARCH_PATHS = "$(inherited) @executable_path/Frameworks @loader_path/Frameworks";
				PRODUCT_NAME = WatchPongTests;
				TEST_HOST = "$(BUILT_PRODUCTS_DIR)/WatchPong.app/WatchPong";
			};
			name = Release;
		};
		43CE08651ACFCECF008176F3 /* Debug */ = {
			isa = XCBuildConfiguration;
			buildSettings = {
				ASSETCATALOG_COMPILER_APPICON_NAME = AppIcon;
				CODE_SIGN_IDENTITY = "iPhone Developer";
				GCC_PREPROCESSOR_DEFINITIONS = (
					"DEBUG=1",
					"$(inherited)",
				);
				IBSC_MODULE = WatchPong_WatchKit_Extension;
				INFOPLIST_FILE = "WatchPong WatchKit App/Info.plist";
				PRODUCT_NAME = "WatchPong WatchKit App";
				SKIP_INSTALL = YES;
				TARGETED_DEVICE_FAMILY = 4;
				"TARGETED_DEVICE_FAMILY[sdk=iphonesimulator*]" = "1,4";
			};
			name = Debug;
		};
		43CE08661ACFCECF008176F3 /* Release */ = {
			isa = XCBuildConfiguration;
			buildSettings = {
				ASSETCATALOG_COMPILER_APPICON_NAME = AppIcon;
				CODE_SIGN_IDENTITY = "iPhone Developer";
				IBSC_MODULE = WatchPong_WatchKit_Extension;
				INFOPLIST_FILE = "WatchPong WatchKit App/Info.plist";
				PRODUCT_NAME = "WatchPong WatchKit App";
				SKIP_INSTALL = YES;
				TARGETED_DEVICE_FAMILY = 4;
				"TARGETED_DEVICE_FAMILY[sdk=iphonesimulator*]" = "1,4";
			};
			name = Release;
		};
		43CE08681ACFCECF008176F3 /* Debug */ = {
			isa = XCBuildConfiguration;
			buildSettings = {
				CODE_SIGN_IDENTITY = "iPhone Developer";
				GCC_PREPROCESSOR_DEFINITIONS = (
					"DEBUG=1",
					"$(inherited)",
				);
				INFOPLIST_FILE = "WatchPong WatchKit Extension/Info.plist";
				LD_RUNPATH_SEARCH_PATHS = "$(inherited) @executable_path/Frameworks @executable_path/../../Frameworks";
				PRODUCT_NAME = "WatchPong WatchKit Extension";
				SKIP_INSTALL = YES;
			};
			name = Debug;
		};
		43CE08691ACFCECF008176F3 /* Release */ = {
			isa = XCBuildConfiguration;
			buildSettings = {
				CODE_SIGN_IDENTITY = "iPhone Developer";
				INFOPLIST_FILE = "WatchPong WatchKit Extension/Info.plist";
				LD_RUNPATH_SEARCH_PATHS = "$(inherited) @executable_path/Frameworks @executable_path/../../Frameworks";
				PRODUCT_NAME = "WatchPong WatchKit Extension";
				SKIP_INSTALL = YES;
			};
			name = Release;
		};
/* End XCBuildConfiguration section */

/* Begin XCConfigurationList section */
		43CE080F1ACFCDB5008176F3 /* Build configuration list for PBXProject "WatchPong" */ = {
			isa = XCConfigurationList;
			buildConfigurations = (
				43CE083A1ACFCDBC008176F3 /* Debug */,
				43CE083B1ACFCDBC008176F3 /* Release */,
			);
			defaultConfigurationIsVisible = 0;
			defaultConfigurationName = Release;
		};
		43CE083C1ACFCDBC008176F3 /* Build configuration list for PBXNativeTarget "WatchPong" */ = {
			isa = XCConfigurationList;
			buildConfigurations = (
				43CE083D1ACFCDBC008176F3 /* Debug */,
				43CE083E1ACFCDBC008176F3 /* Release */,
			);
			defaultConfigurationIsVisible = 0;
			defaultConfigurationName = Release;
		};
		43CE083F1ACFCDBC008176F3 /* Build configuration list for PBXNativeTarget "WatchPongTests" */ = {
			isa = XCConfigurationList;
			buildConfigurations = (
				43CE08401ACFCDBC008176F3 /* Debug */,
				43CE08411ACFCDBC008176F3 /* Release */,
			);
			defaultConfigurationIsVisible = 0;
			defaultConfigurationName = Release;
		};
		43CE08641ACFCECF008176F3 /* Build configuration list for PBXNativeTarget "WatchPong WatchKit App" */ = {
			isa = XCConfigurationList;
			buildConfigurations = (
				43CE08651ACFCECF008176F3 /* Debug */,
				43CE08661ACFCECF008176F3 /* Release */,
			);
			defaultConfigurationIsVisible = 0;
			defaultConfigurationName = Release;
		};
		43CE08671ACFCECF008176F3 /* Build configuration list for PBXNativeTarget "WatchPong WatchKit Extension" */ = {
			isa = XCConfigurationList;
			buildConfigurations = (
				43CE08681ACFCECF008176F3 /* Debug */,
				43CE08691ACFCECF008176F3 /* Release */,
			);
			defaultConfigurationIsVisible = 0;
			defaultConfigurationName = Release;
		};
/* End XCConfigurationList section */
	};
	rootObject = 43CE080C1ACFCDB5008176F3 /* Project object */;
}
